
Microsoft Visual Studio Solution File, Format Version 12.00
# Visual Studio 15
VisualStudioVersion = 15.0.27703.2035
MinimumVisualStudioVersion = 10.0.40219.1
Project("{FAE04EC0-301F-11D3-BF4B-00C04F79EFBC}") = "Excalibur.Android", "Excalibur\Excalibur.Android\Excalibur.Android.csproj", "{1FFC3CC5-99E0-4749-96F2-A59A41770AA8}"
EndProject
Project("{FAE04EC0-301F-11D3-BF4B-00C04F79EFBC}") = "Excalibur.iOS", "Excalibur\Excalibur.iOS\Excalibur.iOS.csproj", "{163DD657-A816-4C29-B924-B98317CF9CF8}"
EndProject
Project("{FAE04EC0-301F-11D3-BF4B-00C04F79EFBC}") = "Excalibur", "Excalibur\Excalibur\Excalibur.csproj", "{6B6C477F-5392-4CBD-B651-998EA6CFC337}"
EndProject
Project("{2150E333-8FDC-42A3-9474-1A3956D46DE8}") = "Core", "Core", "{A9F3E074-7852-4D1A-B027-E41E6F42E6AA}"
EndProject
Project("{2150E333-8FDC-42A3-9474-1A3956D46DE8}") = "Providers", "Providers", "{3A95064C-A8E4-43E0-BBA3-79ED47875460}"
EndProject
Project("{9A19103F-16F7-4668-BE54-9A1E7A4F7556}") = "Excalibur.Common", "Core\Excalibur.Common\Excalibur.Common.csproj", "{9A59D151-B8CC-4234-92A3-8A636537BB2C}"
EndProject
Project("{9A19103F-16F7-4668-BE54-9A1E7A4F7556}") = "Excalibur.Cross", "Core\Excalibur.Cross\Excalibur.Cross.csproj", "{0824C8D2-9B7F-400D-B452-E02AC1EFDF93}"
EndProject
Project("{9A19103F-16F7-4668-BE54-9A1E7A4F7556}") = "Excalibur.Shared", "Core\Excalibur.Shared\Excalibur.Shared.csproj", "{C4086E17-A057-43C4-AA2A-C9BF1EABCF19}"
EndProject
Project("{9A19103F-16F7-4668-BE54-9A1E7A4F7556}") = "Excalibur.Providers.File", "Core\Providers\Excalibur.Providers.File\Excalibur.Providers.File.csproj", "{57644FE6-BD89-4101-9F81-8C63B3B8014C}"
EndProject
Project("{9A19103F-16F7-4668-BE54-9A1E7A4F7556}") = "Excalibur.Views", "Excalibur\Excalibur.Views\Excalibur.Views.csproj", "{284AD0E3-3AA6-42F9-A092-DFD973209B62}"
EndProject
Global
	GlobalSection(SolutionConfigurationPlatforms) = preSolution
		Ad-Hoc|Any CPU = Ad-Hoc|Any CPU
		Ad-Hoc|iPhone = Ad-Hoc|iPhone
		Ad-Hoc|iPhoneSimulator = Ad-Hoc|iPhoneSimulator
		AppStore|Any CPU = AppStore|Any CPU
		AppStore|iPhone = AppStore|iPhone
		AppStore|iPhoneSimulator = AppStore|iPhoneSimulator
		Debug|Any CPU = Debug|Any CPU
		Debug|iPhone = Debug|iPhone
		Debug|iPhoneSimulator = Debug|iPhoneSimulator
		Release|Any CPU = Release|Any CPU
		Release|iPhone = Release|iPhone
		Release|iPhoneSimulator = Release|iPhoneSimulator
	EndGlobalSection
	GlobalSection(ProjectConfigurationPlatforms) = postSolution
		{1FFC3CC5-99E0-4749-96F2-A59A41770AA8}.Ad-Hoc|Any CPU.ActiveCfg = Release|Any CPU
		{1FFC3CC5-99E0-4749-96F2-A59A41770AA8}.Ad-Hoc|Any CPU.Build.0 = Release|Any CPU
		{1FFC3CC5-99E0-4749-96F2-A59A41770AA8}.Ad-Hoc|Any CPU.Deploy.0 = Release|Any CPU
		{1FFC3CC5-99E0-4749-96F2-A59A41770AA8}.Ad-Hoc|iPhone.ActiveCfg = Release|Any CPU
		{1FFC3CC5-99E0-4749-96F2-A59A41770AA8}.Ad-Hoc|iPhone.Build.0 = Release|Any CPU
		{1FFC3CC5-99E0-4749-96F2-A59A41770AA8}.Ad-Hoc|iPhone.Deploy.0 = Release|Any CPU
		{1FFC3CC5-99E0-4749-96F2-A59A41770AA8}.Ad-Hoc|iPhoneSimulator.ActiveCfg = Release|Any CPU
		{1FFC3CC5-99E0-4749-96F2-A59A41770AA8}.Ad-Hoc|iPhoneSimulator.Build.0 = Release|Any CPU
		{1FFC3CC5-99E0-4749-96F2-A59A41770AA8}.Ad-Hoc|iPhoneSimulator.Deploy.0 = Release|Any CPU
		{1FFC3CC5-99E0-4749-96F2-A59A41770AA8}.AppStore|Any CPU.ActiveCfg = Release|Any CPU
		{1FFC3CC5-99E0-4749-96F2-A59A41770AA8}.AppStore|Any CPU.Build.0 = Release|Any CPU
		{1FFC3CC5-99E0-4749-96F2-A59A41770AA8}.AppStore|Any CPU.Deploy.0 = Release|Any CPU
		{1FFC3CC5-99E0-4749-96F2-A59A41770AA8}.AppStore|iPhone.ActiveCfg = Release|Any CPU
		{1FFC3CC5-99E0-4749-96F2-A59A41770AA8}.AppStore|iPhone.Build.0 = Release|Any CPU
		{1FFC3CC5-99E0-4749-96F2-A59A41770AA8}.AppStore|iPhone.Deploy.0 = Release|Any CPU
		{1FFC3CC5-99E0-4749-96F2-A59A41770AA8}.AppStore|iPhoneSimulator.ActiveCfg = Release|Any CPU
		{1FFC3CC5-99E0-4749-96F2-A59A41770AA8}.AppStore|iPhoneSimulator.Build.0 = Release|Any CPU
		{1FFC3CC5-99E0-4749-96F2-A59A41770AA8}.AppStore|iPhoneSimulator.Deploy.0 = Release|Any CPU
		{1FFC3CC5-99E0-4749-96F2-A59A41770AA8}.Debug|Any CPU.ActiveCfg = Debug|Any CPU
		{1FFC3CC5-99E0-4749-96F2-A59A41770AA8}.Debug|Any CPU.Build.0 = Debug|Any CPU
		{1FFC3CC5-99E0-4749-96F2-A59A41770AA8}.Debug|Any CPU.Deploy.0 = Debug|Any CPU
		{1FFC3CC5-99E0-4749-96F2-A59A41770AA8}.Debug|iPhone.ActiveCfg = Debug|Any CPU
		{1FFC3CC5-99E0-4749-96F2-A59A41770AA8}.Debug|iPhone.Build.0 = Debug|Any CPU
		{1FFC3CC5-99E0-4749-96F2-A59A41770AA8}.Debug|iPhone.Deploy.0 = Debug|Any CPU
		{1FFC3CC5-99E0-4749-96F2-A59A41770AA8}.Debug|iPhoneSimulator.ActiveCfg = Debug|Any CPU
		{1FFC3CC5-99E0-4749-96F2-A59A41770AA8}.Debug|iPhoneSimulator.Build.0 = Debug|Any CPU
		{1FFC3CC5-99E0-4749-96F2-A59A41770AA8}.Debug|iPhoneSimulator.Deploy.0 = Debug|Any CPU
		{1FFC3CC5-99E0-4749-96F2-A59A41770AA8}.Release|Any CPU.ActiveCfg = Release|Any CPU
		{1FFC3CC5-99E0-4749-96F2-A59A41770AA8}.Release|Any CPU.Build.0 = Release|Any CPU
		{1FFC3CC5-99E0-4749-96F2-A59A41770AA8}.Release|Any CPU.Deploy.0 = Release|Any CPU
		{1FFC3CC5-99E0-4749-96F2-A59A41770AA8}.Release|iPhone.ActiveCfg = Release|Any CPU
		{1FFC3CC5-99E0-4749-96F2-A59A41770AA8}.Release|iPhone.Build.0 = Release|Any CPU
		{1FFC3CC5-99E0-4749-96F2-A59A41770AA8}.Release|iPhone.Deploy.0 = Release|Any CPU
		{1FFC3CC5-99E0-4749-96F2-A59A41770AA8}.Release|iPhoneSimulator.ActiveCfg = Release|Any CPU
		{1FFC3CC5-99E0-4749-96F2-A59A41770AA8}.Release|iPhoneSimulator.Build.0 = Release|Any CPU
		{1FFC3CC5-99E0-4749-96F2-A59A41770AA8}.Release|iPhoneSimulator.Deploy.0 = Release|Any CPU
		{163DD657-A816-4C29-B924-B98317CF9CF8}.Ad-Hoc|Any CPU.ActiveCfg = Ad-Hoc|iPhone
		{163DD657-A816-4C29-B924-B98317CF9CF8}.Ad-Hoc|Any CPU.Build.0 = Ad-Hoc|iPhone
		{163DD657-A816-4C29-B924-B98317CF9CF8}.Ad-Hoc|Any CPU.Deploy.0 = Ad-Hoc|iPhone
		{163DD657-A816-4C29-B924-B98317CF9CF8}.Ad-Hoc|iPhone.ActiveCfg = Ad-Hoc|iPhone
		{163DD657-A816-4C29-B924-B98317CF9CF8}.Ad-Hoc|iPhone.Build.0 = Ad-Hoc|iPhone
		{163DD657-A816-4C29-B924-B98317CF9CF8}.Ad-Hoc|iPhone.Deploy.0 = Ad-Hoc|iPhone
		{163DD657-A816-4C29-B924-B98317CF9CF8}.Ad-Hoc|iPhoneSimulator.ActiveCfg = Ad-Hoc|iPhoneSimulator
		{163DD657-A816-4C29-B924-B98317CF9CF8}.Ad-Hoc|iPhoneSimulator.Build.0 = Ad-Hoc|iPhoneSimulator
		{163DD657-A816-4C29-B924-B98317CF9CF8}.Ad-Hoc|iPhoneSimulator.Deploy.0 = Ad-Hoc|iPhoneSimulator
		{163DD657-A816-4C29-B924-B98317CF9CF8}.AppStore|Any CPU.ActiveCfg = AppStore|iPhone
		{163DD657-A816-4C29-B924-B98317CF9CF8}.AppStore|Any CPU.Build.0 = AppStore|iPhone
		{163DD657-A816-4C29-B924-B98317CF9CF8}.AppStore|Any CPU.Deploy.0 = AppStore|iPhone
		{163DD657-A816-4C29-B924-B98317CF9CF8}.AppStore|iPhone.ActiveCfg = AppStore|iPhone
		{163DD657-A816-4C29-B924-B98317CF9CF8}.AppStore|iPhone.Build.0 = AppStore|iPhone
		{163DD657-A816-4C29-B924-B98317CF9CF8}.AppStore|iPhone.Deploy.0 = AppStore|iPhone
		{163DD657-A816-4C29-B924-B98317CF9CF8}.AppStore|iPhoneSimulator.ActiveCfg = AppStore|iPhoneSimulator
		{163DD657-A816-4C29-B924-B98317CF9CF8}.AppStore|iPhoneSimulator.Build.0 = AppStore|iPhoneSimulator
		{163DD657-A816-4C29-B924-B98317CF9CF8}.AppStore|iPhoneSimulator.Deploy.0 = AppStore|iPhoneSimulator
		{163DD657-A816-4C29-B924-B98317CF9CF8}.Debug|Any CPU.ActiveCfg = Debug|iPhoneSimulator
		{163DD657-A816-4C29-B924-B98317CF9CF8}.Debug|Any CPU.Build.0 = Debug|iPhoneSimulator
		{163DD657-A816-4C29-B924-B98317CF9CF8}.Debug|Any CPU.Deploy.0 = Debug|iPhoneSimulator
		{163DD657-A816-4C29-B924-B98317CF9CF8}.Debug|iPhone.ActiveCfg = Debug|iPhone
		{163DD657-A816-4C29-B924-B98317CF9CF8}.Debug|iPhone.Build.0 = Debug|iPhone
		{163DD657-A816-4C29-B924-B98317CF9CF8}.Debug|iPhone.Deploy.0 = Debug|iPhone
		{163DD657-A816-4C29-B924-B98317CF9CF8}.Debug|iPhoneSimulator.ActiveCfg = Debug|iPhoneSimulator
		{163DD657-A816-4C29-B924-B98317CF9CF8}.Debug|iPhoneSimulator.Build.0 = Debug|iPhoneSimulator
		{163DD657-A816-4C29-B924-B98317CF9CF8}.Debug|iPhoneSimulator.Deploy.0 = Debug|iPhoneSimulator
		{163DD657-A816-4C29-B924-B98317CF9CF8}.Release|Any CPU.ActiveCfg = Release|iPhone
		{163DD657-A816-4C29-B924-B98317CF9CF8}.Release|Any CPU.Build.0 = Release|iPhone
		{163DD657-A816-4C29-B924-B98317CF9CF8}.Release|Any CPU.Deploy.0 = Release|iPhone
		{163DD657-A816-4C29-B924-B98317CF9CF8}.Release|iPhone.ActiveCfg = Release|iPhone
		{163DD657-A816-4C29-B924-B98317CF9CF8}.Release|iPhone.Build.0 = Release|iPhone
		{163DD657-A816-4C29-B924-B98317CF9CF8}.Release|iPhone.Deploy.0 = Release|iPhone
		{163DD657-A816-4C29-B924-B98317CF9CF8}.Release|iPhoneSimulator.ActiveCfg = Release|iPhoneSimulator
		{163DD657-A816-4C29-B924-B98317CF9CF8}.Release|iPhoneSimulator.Build.0 = Release|iPhoneSimulator
		{163DD657-A816-4C29-B924-B98317CF9CF8}.Release|iPhoneSimulator.Deploy.0 = Release|iPhoneSimulator
		{6B6C477F-5392-4CBD-B651-998EA6CFC337}.Ad-Hoc|Any CPU.ActiveCfg = Debug|Any CPU
		{6B6C477F-5392-4CBD-B651-998EA6CFC337}.Ad-Hoc|Any CPU.Build.0 = Debug|Any CPU
		{6B6C477F-5392-4CBD-B651-998EA6CFC337}.Ad-Hoc|Any CPU.Deploy.0 = Debug|Any CPU
		{6B6C477F-5392-4CBD-B651-998EA6CFC337}.Ad-Hoc|iPhone.ActiveCfg = Debug|Any CPU
		{6B6C477F-5392-4CBD-B651-998EA6CFC337}.Ad-Hoc|iPhone.Build.0 = Debug|Any CPU
		{6B6C477F-5392-4CBD-B651-998EA6CFC337}.Ad-Hoc|iPhone.Deploy.0 = Debug|Any CPU
		{6B6C477F-5392-4CBD-B651-998EA6CFC337}.Ad-Hoc|iPhoneSimulator.ActiveCfg = Debug|Any CPU
		{6B6C477F-5392-4CBD-B651-998EA6CFC337}.Ad-Hoc|iPhoneSimulator.Build.0 = Debug|Any CPU
		{6B6C477F-5392-4CBD-B651-998EA6CFC337}.Ad-Hoc|iPhoneSimulator.Deploy.0 = Debug|Any CPU
		{6B6C477F-5392-4CBD-B651-998EA6CFC337}.AppStore|Any CPU.ActiveCfg = Debug|Any CPU
		{6B6C477F-5392-4CBD-B651-998EA6CFC337}.AppStore|Any CPU.Build.0 = Debug|Any CPU
		{6B6C477F-5392-4CBD-B651-998EA6CFC337}.AppStore|Any CPU.Deploy.0 = Debug|Any CPU
		{6B6C477F-5392-4CBD-B651-998EA6CFC337}.AppStore|iPhone.ActiveCfg = Debug|Any CPU
		{6B6C477F-5392-4CBD-B651-998EA6CFC337}.AppStore|iPhone.Build.0 = Debug|Any CPU
		{6B6C477F-5392-4CBD-B651-998EA6CFC337}.AppStore|iPhone.Deploy.0 = Debug|Any CPU
		{6B6C477F-5392-4CBD-B651-998EA6CFC337}.AppStore|iPhoneSimulator.ActiveCfg = Debug|Any CPU
		{6B6C477F-5392-4CBD-B651-998EA6CFC337}.AppStore|iPhoneSimulator.Build.0 = Debug|Any CPU
		{6B6C477F-5392-4CBD-B651-998EA6CFC337}.AppStore|iPhoneSimulator.Deploy.0 = Debug|Any CPU
		{6B6C477F-5392-4CBD-B651-998EA6CFC337}.Debug|Any CPU.ActiveCfg = Debug|Any CPU
		{6B6C477F-5392-4CBD-B651-998EA6CFC337}.Debug|Any CPU.Build.0 = Debug|Any CPU
		{6B6C477F-5392-4CBD-B651-998EA6CFC337}.Debug|Any CPU.Deploy.0 = Debug|Any CPU
		{6B6C477F-5392-4CBD-B651-998EA6CFC337}.Debug|iPhone.ActiveCfg = Debug|Any CPU
		{6B6C477F-5392-4CBD-B651-998EA6CFC337}.Debug|iPhone.Build.0 = Debug|Any CPU
		{6B6C477F-5392-4CBD-B651-998EA6CFC337}.Debug|iPhone.Deploy.0 = Debug|Any CPU
		{6B6C477F-5392-4CBD-B651-998EA6CFC337}.Debug|iPhoneSimulator.ActiveCfg = Debug|Any CPU
		{6B6C477F-5392-4CBD-B651-998EA6CFC337}.Debug|iPhoneSimulator.Build.0 = Debug|Any CPU
		{6B6C477F-5392-4CBD-B651-998EA6CFC337}.Debug|iPhoneSimulator.Deploy.0 = Debug|Any CPU
		{6B6C477F-5392-4CBD-B651-998EA6CFC337}.Release|Any CPU.ActiveCfg = Release|Any CPU
		{6B6C477F-5392-4CBD-B651-998EA6CFC337}.Release|Any CPU.Build.0 = Release|Any CPU
		{6B6C477F-5392-4CBD-B651-998EA6CFC337}.Release|Any CPU.Deploy.0 = Release|Any CPU
		{6B6C477F-5392-4CBD-B651-998EA6CFC337}.Release|iPhone.ActiveCfg = Release|Any CPU
		{6B6C477F-5392-4CBD-B651-998EA6CFC337}.Release|iPhone.Build.0 = Release|Any CPU
		{6B6C477F-5392-4CBD-B651-998EA6CFC337}.Release|iPhone.Deploy.0 = Release|Any CPU
		{6B6C477F-5392-4CBD-B651-998EA6CFC337}.Release|iPhoneSimulator.ActiveCfg = Release|Any CPU
		{6B6C477F-5392-4CBD-B651-998EA6CFC337}.Release|iPhoneSimulator.Build.0 = Release|Any CPU
		{6B6C477F-5392-4CBD-B651-998EA6CFC337}.Release|iPhoneSimulator.Deploy.0 = Release|Any CPU
		{9A59D151-B8CC-4234-92A3-8A636537BB2C}.Ad-Hoc|Any CPU.ActiveCfg = Debug|Any CPU
		{9A59D151-B8CC-4234-92A3-8A636537BB2C}.Ad-Hoc|Any CPU.Build.0 = Debug|Any CPU
		{9A59D151-B8CC-4234-92A3-8A636537BB2C}.Ad-Hoc|iPhone.ActiveCfg = Debug|Any CPU
		{9A59D151-B8CC-4234-92A3-8A636537BB2C}.Ad-Hoc|iPhone.Build.0 = Debug|Any CPU
		{9A59D151-B8CC-4234-92A3-8A636537BB2C}.Ad-Hoc|iPhoneSimulator.ActiveCfg = Debug|Any CPU
		{9A59D151-B8CC-4234-92A3-8A636537BB2C}.Ad-Hoc|iPhoneSimulator.Build.0 = Debug|Any CPU
		{9A59D151-B8CC-4234-92A3-8A636537BB2C}.AppStore|Any CPU.ActiveCfg = Debug|Any CPU
		{9A59D151-B8CC-4234-92A3-8A636537BB2C}.AppStore|Any CPU.Build.0 = Debug|Any CPU
		{9A59D151-B8CC-4234-92A3-8A636537BB2C}.AppStore|iPhone.ActiveCfg = Debug|Any CPU
		{9A59D151-B8CC-4234-92A3-8A636537BB2C}.AppStore|iPhone.Build.0 = Debug|Any CPU
		{9A59D151-B8CC-4234-92A3-8A636537BB2C}.AppStore|iPhoneSimulator.ActiveCfg = Debug|Any CPU
		{9A59D151-B8CC-4234-92A3-8A636537BB2C}.AppStore|iPhoneSimulator.Build.0 = Debug|Any CPU
		{9A59D151-B8CC-4234-92A3-8A636537BB2C}.Debug|Any CPU.ActiveCfg = Debug|Any CPU
		{9A59D151-B8CC-4234-92A3-8A636537BB2C}.Debug|Any CPU.Build.0 = Debug|Any CPU
		{9A59D151-B8CC-4234-92A3-8A636537BB2C}.Debug|iPhone.ActiveCfg = Debug|Any CPU
		{9A59D151-B8CC-4234-92A3-8A636537BB2C}.Debug|iPhone.Build.0 = Debug|Any CPU
		{9A59D151-B8CC-4234-92A3-8A636537BB2C}.Debug|iPhoneSimulator.ActiveCfg = Debug|Any CPU
		{9A59D151-B8CC-4234-92A3-8A636537BB2C}.Debug|iPhoneSimulator.Build.0 = Debug|Any CPU
		{9A59D151-B8CC-4234-92A3-8A636537BB2C}.Release|Any CPU.ActiveCfg = Release|Any CPU
		{9A59D151-B8CC-4234-92A3-8A636537BB2C}.Release|Any CPU.Build.0 = Release|Any CPU
		{9A59D151-B8CC-4234-92A3-8A636537BB2C}.Release|iPhone.ActiveCfg = Release|Any CPU
		{9A59D151-B8CC-4234-92A3-8A636537BB2C}.Release|iPhone.Build.0 = Release|Any CPU
		{9A59D151-B8CC-4234-92A3-8A636537BB2C}.Release|iPhoneSimulator.ActiveCfg = Release|Any CPU
		{9A59D151-B8CC-4234-92A3-8A636537BB2C}.Release|iPhoneSimulator.Build.0 = Release|Any CPU
		{0824C8D2-9B7F-400D-B452-E02AC1EFDF93}.Ad-Hoc|Any CPU.ActiveCfg = Debug|Any CPU
		{0824C8D2-9B7F-400D-B452-E02AC1EFDF93}.Ad-Hoc|Any CPU.Build.0 = Debug|Any CPU
		{0824C8D2-9B7F-400D-B452-E02AC1EFDF93}.Ad-Hoc|iPhone.ActiveCfg = Debug|Any CPU
		{0824C8D2-9B7F-400D-B452-E02AC1EFDF93}.Ad-Hoc|iPhone.Build.0 = Debug|Any CPU
		{0824C8D2-9B7F-400D-B452-E02AC1EFDF93}.Ad-Hoc|iPhoneSimulator.ActiveCfg = Debug|Any CPU
		{0824C8D2-9B7F-400D-B452-E02AC1EFDF93}.Ad-Hoc|iPhoneSimulator.Build.0 = Debug|Any CPU
		{0824C8D2-9B7F-400D-B452-E02AC1EFDF93}.AppStore|Any CPU.ActiveCfg = Debug|Any CPU
		{0824C8D2-9B7F-400D-B452-E02AC1EFDF93}.AppStore|Any CPU.Build.0 = Debug|Any CPU
		{0824C8D2-9B7F-400D-B452-E02AC1EFDF93}.AppStore|iPhone.ActiveCfg = Debug|Any CPU
		{0824C8D2-9B7F-400D-B452-E02AC1EFDF93}.AppStore|iPhone.Build.0 = Debug|Any CPU
		{0824C8D2-9B7F-400D-B452-E02AC1EFDF93}.AppStore|iPhoneSimulator.ActiveCfg = Debug|Any CPU
		{0824C8D2-9B7F-400D-B452-E02AC1EFDF93}.AppStore|iPhoneSimulator.Build.0 = Debug|Any CPU
		{0824C8D2-9B7F-400D-B452-E02AC1EFDF93}.Debug|Any CPU.ActiveCfg = Debug|Any CPU
		{0824C8D2-9B7F-400D-B452-E02AC1EFDF93}.Debug|Any CPU.Build.0 = Debug|Any CPU
		{0824C8D2-9B7F-400D-B452-E02AC1EFDF93}.Debug|iPhone.ActiveCfg = Debug|Any CPU
		{0824C8D2-9B7F-400D-B452-E02AC1EFDF93}.Debug|iPhone.Build.0 = Debug|Any CPU
		{0824C8D2-9B7F-400D-B452-E02AC1EFDF93}.Debug|iPhoneSimulator.ActiveCfg = Debug|Any CPU
		{0824C8D2-9B7F-400D-B452-E02AC1EFDF93}.Debug|iPhoneSimulator.Build.0 = Debug|Any CPU
		{0824C8D2-9B7F-400D-B452-E02AC1EFDF93}.Release|Any CPU.ActiveCfg = Release|Any CPU
		{0824C8D2-9B7F-400D-B452-E02AC1EFDF93}.Release|Any CPU.Build.0 = Release|Any CPU
		{0824C8D2-9B7F-400D-B452-E02AC1EFDF93}.Release|iPhone.ActiveCfg = Release|Any CPU
		{0824C8D2-9B7F-400D-B452-E02AC1EFDF93}.Release|iPhone.Build.0 = Release|Any CPU
		{0824C8D2-9B7F-400D-B452-E02AC1EFDF93}.Release|iPhoneSimulator.ActiveCfg = Release|Any CPU
		{0824C8D2-9B7F-400D-B452-E02AC1EFDF93}.Release|iPhoneSimulator.Build.0 = Release|Any CPU
		{C4086E17-A057-43C4-AA2A-C9BF1EABCF19}.Ad-Hoc|Any CPU.ActiveCfg = Debug|Any CPU
		{C4086E17-A057-43C4-AA2A-C9BF1EABCF19}.Ad-Hoc|Any CPU.Build.0 = Debug|Any CPU
		{C4086E17-A057-43C4-AA2A-C9BF1EABCF19}.Ad-Hoc|iPhone.ActiveCfg = Debug|Any CPU
		{C4086E17-A057-43C4-AA2A-C9BF1EABCF19}.Ad-Hoc|iPhone.Build.0 = Debug|Any CPU
		{C4086E17-A057-43C4-AA2A-C9BF1EABCF19}.Ad-Hoc|iPhoneSimulator.ActiveCfg = Debug|Any CPU
		{C4086E17-A057-43C4-AA2A-C9BF1EABCF19}.Ad-Hoc|iPhoneSimulator.Build.0 = Debug|Any CPU
		{C4086E17-A057-43C4-AA2A-C9BF1EABCF19}.AppStore|Any CPU.ActiveCfg = Debug|Any CPU
		{C4086E17-A057-43C4-AA2A-C9BF1EABCF19}.AppStore|Any CPU.Build.0 = Debug|Any CPU
		{C4086E17-A057-43C4-AA2A-C9BF1EABCF19}.AppStore|iPhone.ActiveCfg = Debug|Any CPU
		{C4086E17-A057-43C4-AA2A-C9BF1EABCF19}.AppStore|iPhone.Build.0 = Debug|Any CPU
		{C4086E17-A057-43C4-AA2A-C9BF1EABCF19}.AppStore|iPhoneSimulator.ActiveCfg = Debug|Any CPU
		{C4086E17-A057-43C4-AA2A-C9BF1EABCF19}.AppStore|iPhoneSimulator.Build.0 = Debug|Any CPU
		{C4086E17-A057-43C4-AA2A-C9BF1EABCF19}.Debug|Any CPU.ActiveCfg = Debug|Any CPU
		{C4086E17-A057-43C4-AA2A-C9BF1EABCF19}.Debug|Any CPU.Build.0 = Debug|Any CPU
		{C4086E17-A057-43C4-AA2A-C9BF1EABCF19}.Debug|iPhone.ActiveCfg = Debug|Any CPU
		{C4086E17-A057-43C4-AA2A-C9BF1EABCF19}.Debug|iPhone.Build.0 = Debug|Any CPU
		{C4086E17-A057-43C4-AA2A-C9BF1EABCF19}.Debug|iPhoneSimulator.ActiveCfg = Debug|Any CPU
		{C4086E17-A057-43C4-AA2A-C9BF1EABCF19}.Debug|iPhoneSimulator.Build.0 = Debug|Any CPU
		{C4086E17-A057-43C4-AA2A-C9BF1EABCF19}.Release|Any CPU.ActiveCfg = Release|Any CPU
		{C4086E17-A057-43C4-AA2A-C9BF1EABCF19}.Release|Any CPU.Build.0 = Release|Any CPU
		{C4086E17-A057-43C4-AA2A-C9BF1EABCF19}.Release|iPhone.ActiveCfg = Release|Any CPU
		{C4086E17-A057-43C4-AA2A-C9BF1EABCF19}.Release|iPhone.Build.0 = Release|Any CPU
		{C4086E17-A057-43C4-AA2A-C9BF1EABCF19}.Release|iPhoneSimulator.ActiveCfg = Release|Any CPU
		{C4086E17-A057-43C4-AA2A-C9BF1EABCF19}.Release|iPhoneSimulator.Build.0 = Release|Any CPU
		{57644FE6-BD89-4101-9F81-8C63B3B8014C}.Ad-Hoc|Any CPU.ActiveCfg = Debug|Any CPU
		{57644FE6-BD89-4101-9F81-8C63B3B8014C}.Ad-Hoc|Any CPU.Build.0 = Debug|Any CPU
		{57644FE6-BD89-4101-9F81-8C63B3B8014C}.Ad-Hoc|iPhone.ActiveCfg = Debug|Any CPU
		{57644FE6-BD89-4101-9F81-8C63B3B8014C}.Ad-Hoc|iPhone.Build.0 = Debug|Any CPU
		{57644FE6-BD89-4101-9F81-8C63B3B8014C}.Ad-Hoc|iPhoneSimulator.ActiveCfg = Debug|Any CPU
		{57644FE6-BD89-4101-9F81-8C63B3B8014C}.Ad-Hoc|iPhoneSimulator.Build.0 = Debug|Any CPU
		{57644FE6-BD89-4101-9F81-8C63B3B8014C}.AppStore|Any CPU.ActiveCfg = Debug|Any CPU
		{57644FE6-BD89-4101-9F81-8C63B3B8014C}.AppStore|Any CPU.Build.0 = Debug|Any CPU
		{57644FE6-BD89-4101-9F81-8C63B3B8014C}.AppStore|iPhone.ActiveCfg = Debug|Any CPU
		{57644FE6-BD89-4101-9F81-8C63B3B8014C}.AppStore|iPhone.Build.0 = Debug|Any CPU
		{57644FE6-BD89-4101-9F81-8C63B3B8014C}.AppStore|iPhoneSimulator.ActiveCfg = Debug|Any CPU
		{57644FE6-BD89-4101-9F81-8C63B3B8014C}.AppStore|iPhoneSimulator.Build.0 = Debug|Any CPU
		{57644FE6-BD89-4101-9F81-8C63B3B8014C}.Debug|Any CPU.ActiveCfg = Debug|Any CPU
		{57644FE6-BD89-4101-9F81-8C63B3B8014C}.Debug|Any CPU.Build.0 = Debug|Any CPU
		{57644FE6-BD89-4101-9F81-8C63B3B8014C}.Debug|iPhone.ActiveCfg = Debug|Any CPU
		{57644FE6-BD89-4101-9F81-8C63B3B8014C}.Debug|iPhone.Build.0 = Debug|Any CPU
		{57644FE6-BD89-4101-9F81-8C63B3B8014C}.Debug|iPhoneSimulator.ActiveCfg = Debug|Any CPU
		{57644FE6-BD89-4101-9F81-8C63B3B8014C}.Debug|iPhoneSimulator.Build.0 = Debug|Any CPU
		{57644FE6-BD89-4101-9F81-8C63B3B8014C}.Release|Any CPU.ActiveCfg = Release|Any CPU
		{57644FE6-BD89-4101-9F81-8C63B3B8014C}.Release|Any CPU.Build.0 = Release|Any CPU
		{57644FE6-BD89-4101-9F81-8C63B3B8014C}.Release|iPhone.ActiveCfg = Release|Any CPU
		{57644FE6-BD89-4101-9F81-8C63B3B8014C}.Release|iPhone.Build.0 = Release|Any CPU
		{57644FE6-BD89-4101-9F81-8C63B3B8014C}.Release|iPhoneSimulator.ActiveCfg = Release|Any CPU
		{57644FE6-BD89-4101-9F81-8C63B3B8014C}.Release|iPhoneSimulator.Build.0 = Release|Any CPU
		{284AD0E3-3AA6-42F9-A092-DFD973209B62}.Ad-Hoc|Any CPU.ActiveCfg = Debug|Any CPU
		{284AD0E3-3AA6-42F9-A092-DFD973209B62}.Ad-Hoc|Any CPU.Build.0 = Debug|Any CPU
		{284AD0E3-3AA6-42F9-A092-DFD973209B62}.Ad-Hoc|iPhone.ActiveCfg = Debug|Any CPU
		{284AD0E3-3AA6-42F9-A092-DFD973209B62}.Ad-Hoc|iPhone.Build.0 = Debug|Any CPU
		{284AD0E3-3AA6-42F9-A092-DFD973209B62}.Ad-Hoc|iPhoneSimulator.ActiveCfg = Debug|Any CPU
		{284AD0E3-3AA6-42F9-A092-DFD973209B62}.Ad-Hoc|iPhoneSimulator.Build.0 = Debug|Any CPU
		{284AD0E3-3AA6-42F9-A092-DFD973209B62}.AppStore|Any CPU.ActiveCfg = Debug|Any CPU
		{284AD0E3-3AA6-42F9-A092-DFD973209B62}.AppStore|Any CPU.Build.0 = Debug|Any CPU
		{284AD0E3-3AA6-42F9-A092-DFD973209B62}.AppStore|iPhone.ActiveCfg = Debug|Any CPU
		{284AD0E3-3AA6-42F9-A092-DFD973209B62}.AppStore|iPhone.Build.0 = Debug|Any CPU
		{284AD0E3-3AA6-42F9-A092-DFD973209B62}.AppStore|iPhoneSimulator.ActiveCfg = Debug|Any CPU
		{284AD0E3-3AA6-42F9-A092-DFD973209B62}.AppStore|iPhoneSimulator.Build.0 = Debug|Any CPU
		{284AD0E3-3AA6-42F9-A092-DFD973209B62}.Debug|Any CPU.ActiveCfg = Debug|Any CPU
		{284AD0E3-3AA6-42F9-A092-DFD973209B62}.Debug|Any CPU.Build.0 = Debug|Any CPU
		{284AD0E3-3AA6-42F9-A092-DFD973209B62}.Debug|iPhone.ActiveCfg = Debug|Any CPU
		{284AD0E3-3AA6-42F9-A092-DFD973209B62}.Debug|iPhone.Build.0 = Debug|Any CPU
		{284AD0E3-3AA6-42F9-A092-DFD973209B62}.Debug|iPhoneSimulator.ActiveCfg = Debug|Any CPU
		{284AD0E3-3AA6-42F9-A092-DFD973209B62}.Debug|iPhoneSimulator.Build.0 = Debug|Any CPU
		{284AD0E3-3AA6-42F9-A092-DFD973209B62}.Release|Any CPU.ActiveCfg = Release|Any CPU
		{284AD0E3-3AA6-42F9-A092-DFD973209B62}.Release|Any CPU.Build.0 = Release|Any CPU
		{284AD0E3-3AA6-42F9-A092-DFD973209B62}.Release|iPhone.ActiveCfg = Release|Any CPU
		{284AD0E3-3AA6-42F9-A092-DFD973209B62}.Release|iPhone.Build.0 = Release|Any CPU
		{284AD0E3-3AA6-42F9-A092-DFD973209B62}.Release|iPhoneSimulator.ActiveCfg = Release|Any CPU
		{284AD0E3-3AA6-42F9-A092-DFD973209B62}.Release|iPhoneSimulator.Build.0 = Release|Any CPU
	EndGlobalSection
	GlobalSection(SolutionProperties) = preSolution
		HideSolutionNode = FALSE
	EndGlobalSection
	GlobalSection(NestedProjects) = preSolution
		{3A95064C-A8E4-43E0-BBA3-79ED47875460} = {A9F3E074-7852-4D1A-B027-E41E6F42E6AA}
		{9A59D151-B8CC-4234-92A3-8A636537BB2C} = {A9F3E074-7852-4D1A-B027-E41E6F42E6AA}
		{0824C8D2-9B7F-400D-B452-E02AC1EFDF93} = {A9F3E074-7852-4D1A-B027-E41E6F42E6AA}
		{C4086E17-A057-43C4-AA2A-C9BF1EABCF19} = {A9F3E074-7852-4D1A-B027-E41E6F42E6AA}
		{57644FE6-BD89-4101-9F81-8C63B3B8014C} = {3A95064C-A8E4-43E0-BBA3-79ED47875460}
	EndGlobalSection
	GlobalSection(ExtensibilityGlobals) = postSolution
		SolutionGuid = {5755A006-ECF6-4CDC-9A70-426008992EED}
	EndGlobalSection
EndGlobal
